
Microsoft Visual Studio Solution File, Format Version 12.00
# Visual Studio Version 16
VisualStudioVersion = 16.0.32407.337
MinimumVisualStudioVersion = 10.0.40219.1
Project("{FAE04EC0-301F-11D3-BF4B-00C04F79EFBC}") = "PokemonGame", "PokemonGame\PokemonGame.csproj", "{AA050904-8E71-4BED-9BEF-33E8ABF760F3}"
EndProject
Project("{FAE04EC0-301F-11D3-BF4B-00C04F79EFBC}") = "Engine", "Engine\Engine.csproj", "{DCC4FD1A-E801-4BDC-90DE-DD10EA6A6837}"
EndProject
Global
	GlobalSection(SolutionConfigurationPlatforms) = preSolution
		Debug|Any CPU = Debug|Any CPU
		Release|Any CPU = Release|Any CPU
	EndGlobalSection
	GlobalSection(ProjectConfigurationPlatforms) = postSolution
		{AA050904-8E71-4BED-9BEF-33E8ABF760F3}.Debug|Any CPU.ActiveCfg = Debug|Any CPU
		{AA050904-8E71-4BED-9BEF-33E8ABF760F3}.Debug|Any CPU.Build.0 = Debug|Any CPU
		{AA050904-8E71-4BED-9BEF-33E8ABF760F3}.Release|Any CPU.ActiveCfg = Release|Any CPU
		{AA050904-8E71-4BED-9BEF-33E8ABF760F3}.Release|Any CPU.Build.0 = Release|Any CPU
		{DCC4FD1A-E801-4BDC-90DE-DD10EA6A6837}.Debug|Any CPU.ActiveCfg = Debug|Any CPU
		{DCC4FD1A-E801-4BDC-90DE-DD10EA6A6837}.Debug|Any CPU.Build.0 = Debug|Any CPU
		{DCC4FD1A-E801-4BDC-90DE-DD10EA6A6837}.Release|Any CPU.ActiveCfg = Release|Any CPU
		{DCC4FD1A-E801-4BDC-90DE-DD10EA6A6837}.Release|Any CPU.Build.0 = Release|Any CPU
	EndGlobalSection
	GlobalSection(SolutionProperties) = preSolution
		HideSolutionNode = FALSE
	EndGlobalSection
	GlobalSection(ExtensibilityGlobals) = postSolution
		SolutionGuid = {6DC43709-BA98-4EC4-9FDD-B46746EF713A}
	EndGlobalSection
EndGlobal
